
Microsoft Visual Studio Solution File, Format Version 12.00
# Visual Studio 15
VisualStudioVersion = 15.0.28307.136
MinimumVisualStudioVersion = 10.0.40219.1
Project("{FAE04EC0-301F-11D3-BF4B-00C04F79EFBC}") = "entitiesMedGrupo", "entitiesMedGrupo\entitiesMedGrupo.csproj", "{E1D92EA2-4C3B-45BF-B78B-9D3E90A0BB9A}"
EndProject
Project("{FAE04EC0-301F-11D3-BF4B-00C04F79EFBC}") = "crudMedGrupo", "crudMedGrupo\crudMedGrupo.csproj", "{F425D93E-02DE-47F9-9278-82B87A8175AB}"
EndProject
Project("{FAE04EC0-301F-11D3-BF4B-00C04F79EFBC}") = "businessMedGrupo", "businessMedGrupo\businessMedGrupo.csproj", "{84619854-F1C8-4103-86B0-74499B56E606}"
EndProject
Project("{FAE04EC0-301F-11D3-BF4B-00C04F79EFBC}") = "apiMedGrupo", "apiMedGrupo\apiMedGrupo.csproj", "{E353FDCA-CDBB-4234-B131-A54A60FBB2E2}"
EndProject
Project("{FAE04EC0-301F-11D3-BF4B-00C04F79EFBC}") = "testMedGrupo", "testMedGrupo\testMedGrupo.csproj", "{4FD5E16A-1362-49B9-ACE0-0BCF787C0BED}"
EndProject
Global
	GlobalSection(SolutionConfigurationPlatforms) = preSolution
		Debug|Any CPU = Debug|Any CPU
		Release|Any CPU = Release|Any CPU
	EndGlobalSection
	GlobalSection(ProjectConfigurationPlatforms) = postSolution
		{E1D92EA2-4C3B-45BF-B78B-9D3E90A0BB9A}.Debug|Any CPU.ActiveCfg = Debug|Any CPU
		{E1D92EA2-4C3B-45BF-B78B-9D3E90A0BB9A}.Debug|Any CPU.Build.0 = Debug|Any CPU
		{E1D92EA2-4C3B-45BF-B78B-9D3E90A0BB9A}.Release|Any CPU.ActiveCfg = Release|Any CPU
		{E1D92EA2-4C3B-45BF-B78B-9D3E90A0BB9A}.Release|Any CPU.Build.0 = Release|Any CPU
		{F425D93E-02DE-47F9-9278-82B87A8175AB}.Debug|Any CPU.ActiveCfg = Debug|Any CPU
		{F425D93E-02DE-47F9-9278-82B87A8175AB}.Debug|Any CPU.Build.0 = Debug|Any CPU
		{F425D93E-02DE-47F9-9278-82B87A8175AB}.Release|Any CPU.ActiveCfg = Release|Any CPU
		{F425D93E-02DE-47F9-9278-82B87A8175AB}.Release|Any CPU.Build.0 = Release|Any CPU
		{84619854-F1C8-4103-86B0-74499B56E606}.Debug|Any CPU.ActiveCfg = Debug|Any CPU
		{84619854-F1C8-4103-86B0-74499B56E606}.Debug|Any CPU.Build.0 = Debug|Any CPU
		{84619854-F1C8-4103-86B0-74499B56E606}.Release|Any CPU.ActiveCfg = Release|Any CPU
		{84619854-F1C8-4103-86B0-74499B56E606}.Release|Any CPU.Build.0 = Release|Any CPU
		{E353FDCA-CDBB-4234-B131-A54A60FBB2E2}.Debug|Any CPU.ActiveCfg = Debug|Any CPU
		{E353FDCA-CDBB-4234-B131-A54A60FBB2E2}.Debug|Any CPU.Build.0 = Debug|Any CPU
		{E353FDCA-CDBB-4234-B131-A54A60FBB2E2}.Release|Any CPU.ActiveCfg = Release|Any CPU
		{E353FDCA-CDBB-4234-B131-A54A60FBB2E2}.Release|Any CPU.Build.0 = Release|Any CPU
		{4FD5E16A-1362-49B9-ACE0-0BCF787C0BED}.Debug|Any CPU.ActiveCfg = Debug|Any CPU
		{4FD5E16A-1362-49B9-ACE0-0BCF787C0BED}.Debug|Any CPU.Build.0 = Debug|Any CPU
		{4FD5E16A-1362-49B9-ACE0-0BCF787C0BED}.Release|Any CPU.ActiveCfg = Release|Any CPU
		{4FD5E16A-1362-49B9-ACE0-0BCF787C0BED}.Release|Any CPU.Build.0 = Release|Any CPU
	EndGlobalSection
	GlobalSection(SolutionProperties) = preSolution
		HideSolutionNode = FALSE
	EndGlobalSection
	GlobalSection(ExtensibilityGlobals) = postSolution
		SolutionGuid = {DF34D0C7-4204-4F3A-A19A-77193F93BC22}
	EndGlobalSection
EndGlobal
